{
  "name": "station-groups",
  "version": "0.0.0-beta",
  "lockfileVersion": 3,
  "requires": true,
  "packages": {
    "": {
      "name": "station-groups",
      "version": "0.0.0-beta",
      "license": "MIT",
      "dependencies": {
        "@the-stations-project/sdk": "^0.2.2-beta",
        "@types/node": "^18.14.0"
      }
    },
    "node_modules/@the-stations-project/sdk": {
      "version": "0.2.2-beta",
      "resolved": "https://registry.npmjs.org/@the-stations-project/sdk/-/sdk-0.2.2-beta.tgz",
      "integrity": "sha512-I/kOqBO+26vrBdOJPElgdG4mOOIwNQuh0NJsY/MgV2PmHbuFOvPfb4UXI6KqmuSlLF4c4uft5k++tWv+61OWvQ==",
      "dependencies": {
        "@types/node": "^18.11.19"
      }
    },
    "node_modules/@types/node": {
      "version": "18.14.0",
      "resolved": "https://registry.npmjs.org/@types/node/-/node-18.14.0.tgz",
      "integrity": "sha512-5EWrvLmglK+imbCJY0+INViFWUHg1AHel1sq4ZVSfdcNqGy9Edv3UB9IIzzg+xPaUcAgZYcfVs2fBcwDeZzU0A=="
    }
  }
}
